
Microsoft Visual Studio Solution File, Format Version 12.00
# Visual Studio Version 17
VisualStudioVersion = 17.12.35527.113 d17.12
MinimumVisualStudioVersion = 10.0.40219.1
Project("{FAE04EC0-301F-11D3-BF4B-00C04F79EFBC}") = "ArtGalleryFrontE", "ArtGalleryFrontE\ArtGalleryFrontE.csproj", "{40164808-775F-458F-ACC1-8A39FF7B84CC}"
EndProject
Global
	GlobalSection(SolutionConfigurationPlatforms) = preSolution
		Debug|Any CPU = Debug|Any CPU
		Release|Any CPU = Release|Any CPU
	EndGlobalSection
	GlobalSection(ProjectConfigurationPlatforms) = postSolution
		{40164808-775F-458F-ACC1-8A39FF7B84CC}.Debug|Any CPU.ActiveCfg = Debug|Any CPU
		{40164808-775F-458F-ACC1-8A39FF7B84CC}.Debug|Any CPU.Build.0 = Debug|Any CPU
		{40164808-775F-458F-ACC1-8A39FF7B84CC}.Release|Any CPU.ActiveCfg = Release|Any CPU
		{40164808-775F-458F-ACC1-8A39FF7B84CC}.Release|Any CPU.Build.0 = Release|Any CPU
	EndGlobalSection
	GlobalSection(SolutionProperties) = preSolution
		HideSolutionNode = FALSE
	EndGlobalSection
EndGlobal
